
Microsoft Visual Studio Solution File, Format Version 12.00
# Visual Studio Version 17
VisualStudioVersion = 17.3.32811.315
MinimumVisualStudioVersion = 10.0.40219.1
Project("{FAE04EC0-301F-11D3-BF4B-00C04F79EFBC}") = "NetCoreStudy", "NetCoreStudy\NetCoreStudy.csproj", "{7112E144-C433-4A39-867A-0A726ED8F15C}"
EndProject
Global
	GlobalSection(SolutionConfigurationPlatforms) = preSolution
		Debug|Any CPU = Debug|Any CPU
		Release|Any CPU = Release|Any CPU
	EndGlobalSection
	GlobalSection(ProjectConfigurationPlatforms) = postSolution
		{7112E144-C433-4A39-867A-0A726ED8F15C}.Debug|Any CPU.ActiveCfg = Debug|Any CPU
		{7112E144-C433-4A39-867A-0A726ED8F15C}.Debug|Any CPU.Build.0 = Debug|Any CPU
		{7112E144-C433-4A39-867A-0A726ED8F15C}.Release|Any CPU.ActiveCfg = Release|Any CPU
		{7112E144-C433-4A39-867A-0A726ED8F15C}.Release|Any CPU.Build.0 = Release|Any CPU
	EndGlobalSection
	GlobalSection(SolutionProperties) = preSolution
		HideSolutionNode = FALSE
	EndGlobalSection
	GlobalSection(ExtensibilityGlobals) = postSolution
		SolutionGuid = {ACABA677-6AAE-4B9F-A6BD-1C1773D07E77}
	EndGlobalSection
EndGlobal
